version: 6
environments:
  default:
    channels:
    - url: https://conda.anaconda.org/conda-forge/
    packages:
      osx-64:
      - conda: https://conda.anaconda.org/conda-forge/noarch/adwaita-icon-theme-48.0-unix_0.conda
      - conda: https://conda.anaconda.org/conda-forge/osx-64/aom-3.9.1-hf036a51_0.conda
      - conda: https://conda.anaconda.org/conda-forge/osx-64/atk-1.0-2.38.0-h4bec284_2.conda
      - conda: https://conda.anaconda.org/conda-forge/osx-64/bzip2-1.0.8-hfdf4475_7.conda
      - conda: https://conda.anaconda.org/conda-forge/osx-64/ca-certificates-2025.1.31-h8857fd0_0.conda
      - conda: https://conda.anaconda.org/conda-forge/osx-64/cairo-1.18.4-h950ec3b_0.conda
      - conda: https://conda.anaconda.org/conda-forge/osx-64/dav1d-1.2.1-h0dc2134_0.conda
      - conda: https://conda.anaconda.org/conda-forge/osx-64/epoxy-1.5.10-h5eb16cf_1.tar.bz2
      - conda: https://conda.anaconda.org/conda-forge/osx-64/fftw-3.3.10-nompi_h292e606_110.conda
      - conda: https://conda.anaconda.org/conda-forge/noarch/font-ttf-dejavu-sans-mono-2.37-hab24e00_0.tar.bz2
      - conda: https://conda.anaconda.org/conda-forge/noarch/font-ttf-inconsolata-3.000-h77eed37_0.tar.bz2
      - conda: https://conda.anaconda.org/conda-forge/noarch/font-ttf-source-code-pro-2.038-h77eed37_0.tar.bz2
      - conda: https://conda.anaconda.org/conda-forge/noarch/font-ttf-ubuntu-0.83-h77eed37_3.conda
      - conda: https://conda.anaconda.org/conda-forge/osx-64/fontconfig-2.15.0-h37eeddb_1.conda
      - conda: https://conda.anaconda.org/conda-forge/noarch/fonts-conda-ecosystem-1-0.tar.bz2
      - conda: https://conda.anaconda.org/conda-forge/noarch/fonts-conda-forge-1-0.tar.bz2
      - conda: https://conda.anaconda.org/conda-forge/osx-64/freetype-2.13.3-h40dfd5c_0.conda
      - conda: https://conda.anaconda.org/conda-forge/osx-64/fribidi-1.0.10-hbcb3906_0.tar.bz2
      - conda: https://conda.anaconda.org/conda-forge/osx-64/gdk-pixbuf-2.42.12-ha587570_0.conda
      - conda: https://conda.anaconda.org/conda-forge/osx-64/ghostscript-10.04.0-hac325c4_0.conda
      - conda: https://conda.anaconda.org/conda-forge/osx-64/giflib-5.2.2-h10d778d_0.conda
      - conda: https://conda.anaconda.org/conda-forge/osx-64/glib-tools-2.84.0-hf8faeaf_0.conda
      - conda: https://conda.anaconda.org/conda-forge/osx-64/graphite2-1.3.13-h73e2aa4_1003.conda
      - conda: https://conda.anaconda.org/conda-forge/osx-64/graphviz-12.2.1-h44a0556_1.conda
      - conda: https://conda.anaconda.org/conda-forge/osx-64/gtk3-3.24.43-h70b172e_5.conda
      - conda: https://conda.anaconda.org/conda-forge/osx-64/gts-0.7.6-h53e17e3_4.conda
      - conda: https://conda.anaconda.org/conda-forge/osx-64/harfbuzz-11.0.1-h97d4977_0.conda
      - conda: https://conda.anaconda.org/conda-forge/osx-64/hicolor-icon-theme-0.17-h694c41f_2.tar.bz2
      - conda: https://conda.anaconda.org/conda-forge/osx-64/icu-75.1-h120a0e1_0.conda
      - conda: https://conda.anaconda.org/conda-forge/osx-64/imagemagick-7.1.1_47-imagemagick_h08d123f_0.conda
      - conda: https://conda.anaconda.org/conda-forge/osx-64/jbig-2.1-h0d85af4_2003.tar.bz2
      - conda: https://conda.anaconda.org/conda-forge/osx-64/lerc-4.0.0-hb486fe8_0.tar.bz2
      - conda: https://conda.anaconda.org/conda-forge/osx-64/libavif16-1.2.1-hd3ef11f_2.conda
      - conda: https://conda.anaconda.org/conda-forge/osx-64/libcxx-20.1.2-hf95d169_0.conda
      - conda: https://conda.anaconda.org/conda-forge/osx-64/libde265-1.0.15-h7728843_0.conda
      - conda: https://conda.anaconda.org/conda-forge/osx-64/libdeflate-1.23-he65b83e_0.conda
      - conda: https://conda.anaconda.org/conda-forge/osx-64/libexpat-2.7.0-h240833e_0.conda
      - conda: https://conda.anaconda.org/conda-forge/osx-64/libffi-3.4.6-h281671d_1.conda
      - conda: https://conda.anaconda.org/conda-forge/osx-64/libgd-2.3.3-h8555400_11.conda
      - conda: https://conda.anaconda.org/conda-forge/osx-64/libgfortran-5.0.0-14_2_0_h51e75f0_103.conda
      - conda: https://conda.anaconda.org/conda-forge/osx-64/libgfortran5-14.2.0-h51e75f0_103.conda
      - conda: https://conda.anaconda.org/conda-forge/osx-64/libglib-2.84.0-h5c976ab_0.conda
      - conda: https://conda.anaconda.org/conda-forge/osx-64/libheif-1.19.7-gpl_h95ec88c_100.conda
      - conda: https://conda.anaconda.org/conda-forge/osx-64/libiconv-1.18-h4b5e92a_1.conda
      - conda: https://conda.anaconda.org/conda-forge/osx-64/libintl-0.23.1-h27064b9_0.conda
      - conda: https://conda.anaconda.org/conda-forge/osx-64/libjpeg-turbo-3.0.0-h0dc2134_1.conda
      - conda: https://conda.anaconda.org/conda-forge/osx-64/liblzma-5.8.1-hd471939_0.conda
      - conda: https://conda.anaconda.org/conda-forge/osx-64/liblzma-devel-5.8.1-hd471939_0.conda
      - conda: https://conda.anaconda.org/conda-forge/osx-64/libmpdec-4.0.0-hfdf4475_0.conda
      - conda: https://conda.anaconda.org/conda-forge/osx-64/libpng-1.6.47-h3c4a55f_0.conda
      - conda: https://conda.anaconda.org/conda-forge/osx-64/librsvg-2.58.4-h21a6cfa_3.conda
      - conda: https://conda.anaconda.org/conda-forge/osx-64/libsqlite-3.49.1-hdb6dae5_2.conda
      - conda: https://conda.anaconda.org/conda-forge/osx-64/libtiff-4.7.0-hb77a491_3.conda
      - conda: https://conda.anaconda.org/conda-forge/osx-64/libuv-1.50.0-h4cb831e_0.conda
      - conda: https://conda.anaconda.org/conda-forge/osx-64/libwebp-1.5.0-h2bf92d2_0.conda
      - conda: https://conda.anaconda.org/conda-forge/osx-64/libwebp-base-1.5.0-h6cf52b4_0.conda
      - conda: https://conda.anaconda.org/conda-forge/osx-64/libxcb-1.17.0-hf1f96e2_0.conda
      - conda: https://conda.anaconda.org/conda-forge/osx-64/libxml2-2.13.7-h93c44a6_1.conda
      - conda: https://conda.anaconda.org/conda-forge/osx-64/libzlib-1.3.1-hd23fc13_2.conda
      - conda: https://conda.anaconda.org/conda-forge/osx-64/llvm-openmp-20.1.2-ha54dae1_1.conda
      - conda: https://conda.anaconda.org/conda-forge/noarch/mystmd-1.3.25-pyhd8ed1ab_0.conda
      - conda: https://conda.anaconda.org/conda-forge/osx-64/ncurses-6.5-h0622a9a_3.conda
      - conda: https://conda.anaconda.org/conda-forge/osx-64/nodejs-22.13.0-hffbc63d_0.conda
      - conda: https://conda.anaconda.org/conda-forge/osx-64/openjpeg-2.5.3-h7fd6d84_0.conda
      - conda: https://conda.anaconda.org/conda-forge/osx-64/openssl-3.5.0-hc426f3f_0.conda
      - conda: https://conda.anaconda.org/conda-forge/osx-64/pango-1.56.3-hae8941d_1.conda
      - conda: https://conda.anaconda.org/conda-forge/osx-64/pcre2-10.44-h7634a1b_2.conda
      - conda: https://conda.anaconda.org/conda-forge/osx-64/pixman-0.44.2-h1fd1274_0.conda
      - conda: https://conda.anaconda.org/conda-forge/osx-64/pkg-config-0.29.2-hf7e621a_1009.conda
      - conda: https://conda.anaconda.org/conda-forge/osx-64/pthread-stubs-0.4-h00291cd_1002.conda
      - conda: https://conda.anaconda.org/conda-forge/osx-64/python-3.13.3-h534c281_101_cp313.conda
      - conda: https://conda.anaconda.org/conda-forge/osx-64/python_abi-3.13-6_cp313.conda
      - conda: https://conda.anaconda.org/conda-forge/osx-64/rav1e-0.6.6-h7205ca4_2.conda
      - conda: https://conda.anaconda.org/conda-forge/osx-64/readline-8.2-h7cca4af_2.conda
      - conda: https://conda.anaconda.org/conda-forge/osx-64/svt-av1-3.0.2-h240833e_0.conda
      - conda: https://conda.anaconda.org/conda-forge/osx-64/tk-8.6.13-h1abcd95_1.conda
      - conda: https://conda.anaconda.org/conda-forge/osx-64/typst-0.13.1-h371c88c_0.conda
      - conda: https://conda.anaconda.org/conda-forge/noarch/tzdata-2025b-h78e105d_0.conda
      - conda: https://conda.anaconda.org/conda-forge/osx-64/x265-3.5-hbb4e6a2_3.tar.bz2
      - conda: https://conda.anaconda.org/conda-forge/osx-64/xorg-libice-1.1.2-h6e16a3a_0.conda
      - conda: https://conda.anaconda.org/conda-forge/osx-64/xorg-libsm-1.2.6-h6e16a3a_0.conda
      - conda: https://conda.anaconda.org/conda-forge/osx-64/xorg-libx11-1.8.12-h217831a_0.conda
      - conda: https://conda.anaconda.org/conda-forge/osx-64/xorg-libxau-1.0.12-h6e16a3a_0.conda
      - conda: https://conda.anaconda.org/conda-forge/osx-64/xorg-libxdmcp-1.1.5-h00291cd_0.conda
      - conda: https://conda.anaconda.org/conda-forge/osx-64/xorg-libxext-1.3.6-h00291cd_0.conda
      - conda: https://conda.anaconda.org/conda-forge/osx-64/xorg-libxrender-0.9.12-h6e16a3a_0.conda
      - conda: https://conda.anaconda.org/conda-forge/osx-64/xorg-libxt-1.3.1-h6e16a3a_0.conda
      - conda: https://conda.anaconda.org/conda-forge/osx-64/zlib-1.3.1-hd23fc13_2.conda
      - conda: https://conda.anaconda.org/conda-forge/osx-64/zstd-1.5.7-h8210216_2.conda
packages:
- conda: https://conda.anaconda.org/conda-forge/noarch/adwaita-icon-theme-48.0-unix_0.conda
  sha256: 63e532087119112c81d81c067e00d1fd49ff1b842ffea4469b78b505be63c042
  md5: 11539f9e49efaa281da735ded100b152
  depends:
  - __unix
  - hicolor-icon-theme
  - librsvg
  license: LGPL-3.0-or-later OR CC-BY-SA-3.0
  license_family: LGPL
  size: 610380
  timestamp: 1741999835753
- conda: https://conda.anaconda.org/conda-forge/osx-64/aom-3.9.1-hf036a51_0.conda
  sha256: 3032f2f55d6eceb10d53217c2a7f43e1eac83603d91e21ce502e8179e63a75f5
  md5: 3f17bc32cb7fcb2b4bf3d8d37f656eb8
  depends:
  - __osx >=10.13
  - libcxx >=16
  license: BSD-2-Clause
  license_family: BSD
  size: 2749186
  timestamp: 1718551450314
- conda: https://conda.anaconda.org/conda-forge/osx-64/atk-1.0-2.38.0-h4bec284_2.conda
  sha256: a5972a943764e46478c966b26be61de70dcd7d0cfda4bd0b0c46916ae32e0492
  md5: d9684247c943d492d9aac8687bc5db77
  depends:
  - __osx >=10.9
  - libcxx >=16
  - libglib >=2.80.0,<3.0a0
  - libintl >=0.22.5,<1.0a0
  constrains:
  - atk-1.0 2.38.0
  license: LGPL-2.0-or-later
  license_family: LGPL
  size: 349989
  timestamp: 1713896423623
- conda: https://conda.anaconda.org/conda-forge/osx-64/bzip2-1.0.8-hfdf4475_7.conda
  sha256: cad153608b81fb24fc8c509357daa9ae4e49dfc535b2cb49b91e23dbd68fc3c5
  md5: 7ed4301d437b59045be7e051a0308211
  depends:
  - __osx >=10.13
  license: bzip2-1.0.6
  license_family: BSD
  size: 134188
  timestamp: 1720974491916
- conda: https://conda.anaconda.org/conda-forge/osx-64/ca-certificates-2025.1.31-h8857fd0_0.conda
  sha256: 42e911ee2d8808eacedbec46d99b03200a6138b8e8a120bd8acabe1cac41c63b
  md5: 3418b6c8cac3e71c0bc089fc5ea53042
  license: ISC
  size: 158408
  timestamp: 1738298385933
- conda: https://conda.anaconda.org/conda-forge/osx-64/cairo-1.18.4-h950ec3b_0.conda
  sha256: d4297c3a9bcff9add3c5a46c6e793b88567354828bcfdb6fc9f6b1ab34aa4913
  md5: 32403b4ef529a2018e4d8c4f2a719f16
  depends:
  - __osx >=10.13
  - fontconfig >=2.15.0,<3.0a0
  - fonts-conda-ecosystem
  - freetype >=2.12.1,<3.0a0
  - icu >=75.1,<76.0a0
  - libcxx >=18
  - libexpat >=2.6.4,<3.0a0
  - libglib >=2.82.2,<3.0a0
  - libpng >=1.6.47,<1.7.0a0
  - libzlib >=1.3.1,<2.0a0
  - pixman >=0.44.2,<1.0a0
  license: LGPL-2.1-only or MPL-1.1
  size: 893252
  timestamp: 1741554808521
- conda: https://conda.anaconda.org/conda-forge/osx-64/dav1d-1.2.1-h0dc2134_0.conda
  sha256: ec71a835866b42e946cd2039a5f7a6458851a21890d315476f5e66790ac11c96
  md5: 9d88733c715300a39f8ca2e936b7808d
  license: BSD-2-Clause
  license_family: BSD
  size: 668439
  timestamp: 1685696184631
- conda: https://conda.anaconda.org/conda-forge/osx-64/epoxy-1.5.10-h5eb16cf_1.tar.bz2
  sha256: 0e344e8490237565a5685736421e06b47a1b46dee7151c0973dd48130f8e583a
  md5: 721a46794b9ad1301115068189acb750
  license: MIT
  license_family: MIT
  size: 342235
  timestamp: 1648505306288
- conda: https://conda.anaconda.org/conda-forge/osx-64/fftw-3.3.10-nompi_h292e606_110.conda
  sha256: 6f5c64debf2d51f10522d4080b043ec4dc9825a770a4d38c96fa7bf6432b4769
  md5: e05219cbabb20b406ff0803a3e552419
  depends:
  - __osx >=10.13
  - libcxx >=16
  - libgfortran 5.*
  - libgfortran5 >=12.3.0
  - libgfortran5 >=13.2.0
  - llvm-openmp >=16.0.6
  license: GPL-2.0-or-later
  license_family: GPL
  size: 1801806
  timestamp: 1717758400349
- conda: https://conda.anaconda.org/conda-forge/noarch/font-ttf-dejavu-sans-mono-2.37-hab24e00_0.tar.bz2
  sha256: 58d7f40d2940dd0a8aa28651239adbf5613254df0f75789919c4e6762054403b
  md5: 0c96522c6bdaed4b1566d11387caaf45
  license: BSD-3-Clause
  license_family: BSD
  size: 397370
  timestamp: 1566932522327
- conda: https://conda.anaconda.org/conda-forge/noarch/font-ttf-inconsolata-3.000-h77eed37_0.tar.bz2
  sha256: c52a29fdac682c20d252facc50f01e7c2e7ceac52aa9817aaf0bb83f7559ec5c
  md5: 34893075a5c9e55cdafac56607368fc6
  license: OFL-1.1
  license_family: Other
  size: 96530
  timestamp: 1620479909603
- conda: https://conda.anaconda.org/conda-forge/noarch/font-ttf-source-code-pro-2.038-h77eed37_0.tar.bz2
  sha256: 00925c8c055a2275614b4d983e1df637245e19058d79fc7dd1a93b8d9fb4b139
  md5: 4d59c254e01d9cde7957100457e2d5fb
  license: OFL-1.1
  license_family: Other
  size: 700814
  timestamp: 1620479612257
- conda: https://conda.anaconda.org/conda-forge/noarch/font-ttf-ubuntu-0.83-h77eed37_3.conda
  sha256: 2821ec1dc454bd8b9a31d0ed22a7ce22422c0aef163c59f49dfdf915d0f0ca14
  md5: 49023d73832ef61042f6a237cb2687e7
  license: LicenseRef-Ubuntu-Font-Licence-Version-1.0
  license_family: Other
  size: 1620504
  timestamp: 1727511233259
- conda: https://conda.anaconda.org/conda-forge/osx-64/fontconfig-2.15.0-h37eeddb_1.conda
  sha256: 61a9aa1d2dd115ffc1ab372966dc8b1ac7b69870e6b1744641da276b31ea5c0b
  md5: 84ccec5ee37eb03dd352db0a3f89ada3
  depends:
  - __osx >=10.13
  - freetype >=2.12.1,<3.0a0
  - libexpat >=2.6.3,<3.0a0
  - libzlib >=1.3.1,<2.0a0
  license: MIT
  license_family: MIT
  size: 232313
  timestamp: 1730283983397
- conda: https://conda.anaconda.org/conda-forge/noarch/fonts-conda-ecosystem-1-0.tar.bz2
  sha256: a997f2f1921bb9c9d76e6fa2f6b408b7fa549edd349a77639c9fe7a23ea93e61
  md5: fee5683a3f04bd15cbd8318b096a27ab
  depends:
  - fonts-conda-forge
  license: BSD-3-Clause
  license_family: BSD
  size: 3667
  timestamp: 1566974674465
- conda: https://conda.anaconda.org/conda-forge/noarch/fonts-conda-forge-1-0.tar.bz2
  sha256: 53f23a3319466053818540bcdf2091f253cbdbab1e0e9ae7b9e509dcaa2a5e38
  md5: f766549260d6815b0c52253f1fb1bb29
  depends:
  - font-ttf-dejavu-sans-mono
  - font-ttf-inconsolata
  - font-ttf-source-code-pro
  - font-ttf-ubuntu
  license: BSD-3-Clause
  license_family: BSD
  size: 4102
  timestamp: 1566932280397
- conda: https://conda.anaconda.org/conda-forge/osx-64/freetype-2.13.3-h40dfd5c_0.conda
  sha256: 66cc36a313accf28f4ab9b40ad11e4a8ff757c11314cd499435d9b8df1fa0150
  md5: e391f0c2d07df272cf7c6df235e97bb9
  depends:
  - __osx >=10.13
  - libpng >=1.6.47,<1.7.0a0
  - libzlib >=1.3.1,<2.0a0
  license: GPL-2.0-only OR FTL
  size: 602964
  timestamp: 1741863884014
- conda: https://conda.anaconda.org/conda-forge/osx-64/fribidi-1.0.10-hbcb3906_0.tar.bz2
  sha256: 4f6db86ecc4984cd4ac88ca52030726c3cfd11a64dfb15c8602025ee3001a2b5
  md5: f1c6b41e0f56998ecd9a3e210faa1dc0
  license: LGPL-2.1
  size: 65388
  timestamp: 1604417213
- conda: https://conda.anaconda.org/conda-forge/osx-64/gdk-pixbuf-2.42.12-ha587570_0.conda
  sha256: 92cb602ef86feb35252ee909e19536fa043bd85b8507450ad8264cfa518a5881
  md5: ee186d2e8db4605030753dc05025d4a0
  depends:
  - __osx >=10.13
  - libglib >=2.80.2,<3.0a0
  - libintl >=0.22.5,<1.0a0
  - libjpeg-turbo >=3.0.0,<4.0a0
  - libpng >=1.6.43,<1.7.0a0
  - libtiff >=4.6.0,<4.8.0a0
  license: LGPL-2.1-or-later
  license_family: LGPL
  size: 516815
  timestamp: 1715783154558
- conda: https://conda.anaconda.org/conda-forge/osx-64/ghostscript-10.04.0-hac325c4_0.conda
  sha256: 30a6b80dc11adc710868e88f726e9788f8decf0667ba0ac1893659b50a079d91
  md5: c6a87db5ef544e1b43fd3ae7cdbd9cce
  depends:
  - __osx >=10.13
  - libcxx >=17
  license: AGPL-3.0-only
  license_family: AGPL
  size: 60310444
  timestamp: 1726699269432
- conda: https://conda.anaconda.org/conda-forge/osx-64/giflib-5.2.2-h10d778d_0.conda
  sha256: 2c825df829097536314a195ae5cacaa8695209da6b4400135a65d8e23c008ff8
  md5: 03e8c9b4d3da5f3d6eabdd020c2d63ac
  license: MIT
  license_family: MIT
  size: 74516
  timestamp: 1712692686914
- conda: https://conda.anaconda.org/conda-forge/osx-64/glib-tools-2.84.0-hf8faeaf_0.conda
  sha256: 6ea60fa3aee44ba7223ee4a5955dc341a4dac1f2256a8511a821741545a6da27
  md5: 03d506bd28830a841105d3015744612e
  depends:
  - __osx >=10.13
  - libglib 2.84.0 h5c976ab_0
  - libintl >=0.23.1,<1.0a0
  license: LGPL-2.1-or-later
  size: 101520
  timestamp: 1743039032850
- conda: https://conda.anaconda.org/conda-forge/osx-64/graphite2-1.3.13-h73e2aa4_1003.conda
  sha256: b71db966e47cd83b16bfcc2099b8fa87c07286f24a0742078fede4c84314f91a
  md5: fc7124f86e1d359fc5d878accd9e814c
  depends:
  - libcxx >=16
  license: LGPL-2.0-or-later
  license_family: LGPL
  size: 84384
  timestamp: 1711634311095
- conda: https://conda.anaconda.org/conda-forge/osx-64/graphviz-12.2.1-h44a0556_1.conda
  sha256: 3a8eef238000e8fcb8f4f31a035869d7b5ad0466f69c72e9064786b54d1812cc
  md5: f1e519616cb1c137cff9849cfa1beb93
  depends:
  - __osx >=10.13
  - adwaita-icon-theme
  - cairo >=1.18.2,<2.0a0
  - fonts-conda-ecosystem
  - gdk-pixbuf >=2.42.12,<3.0a0
  - gtk3 >=3.24.43,<4.0a0
  - gts >=0.7.6,<0.8.0a0
  - libcxx >=18
  - libexpat >=2.6.4,<3.0a0
  - libgd >=2.3.3,<2.4.0a0
  - libglib >=2.82.2,<3.0a0
  - librsvg >=2.58.4,<3.0a0
  - libwebp-base >=1.5.0,<2.0a0
  - libzlib >=1.3.1,<2.0a0
  - pango >=1.56.1,<2.0a0
  license: EPL-1.0
  license_family: Other
  size: 2269263
  timestamp: 1738603378351
- conda: https://conda.anaconda.org/conda-forge/osx-64/gtk3-3.24.43-h70b172e_5.conda
  sha256: 4f1be786342408492578dc696165ed3515bb1c4887c30e0909e50d0f8245fb38
  md5: 38eeb48f9466e5763567d1be1b7ff444
  depends:
  - __osx >=10.13
  - atk-1.0 >=2.38.0
  - cairo >=1.18.4,<2.0a0
  - epoxy >=1.5.10,<1.6.0a0
  - fribidi >=1.0.10,<2.0a0
  - gdk-pixbuf >=2.42.12,<3.0a0
  - glib-tools
  - harfbuzz >=11.0.0,<12.0a0
  - hicolor-icon-theme
  - libexpat >=2.6.4,<3.0a0
  - libglib >=2.84.0,<3.0a0
  - libintl >=0.23.1,<1.0a0
  - liblzma >=5.6.4,<6.0a0
  - libzlib >=1.3.1,<2.0a0
  - pango >=1.56.3,<2.0a0
  license: LGPL-2.0-or-later
  license_family: LGPL
  size: 4916900
  timestamp: 1743405835449
- conda: https://conda.anaconda.org/conda-forge/osx-64/gts-0.7.6-h53e17e3_4.conda
  sha256: d5b82a36f7e9d7636b854e56d1b4fe01c4d895128a7b73e2ec6945b691ff3314
  md5: 848cc963fcfbd063c7a023024aa3bec0
  depends:
  - libcxx >=15.0.7
  - libglib >=2.76.3,<3.0a0
  license: LGPL-2.0-or-later
  license_family: LGPL
  size: 280972
  timestamp: 1686545425074
- conda: https://conda.anaconda.org/conda-forge/osx-64/harfbuzz-11.0.1-h97d4977_0.conda
  sha256: d0affab9d1aa82f6e4186476c45466b15cdd92ec95d8b754b3c70feeb45552de
  md5: 8bb28fc31338cf19ef975e687f64bd24
  depends:
  - __osx >=10.13
  - cairo >=1.18.4,<2.0a0
  - freetype >=2.13.3,<3.0a0
  - graphite2
  - icu >=75.1,<76.0a0
  - libcxx >=18
  - libexpat >=2.7.0,<3.0a0
  - libglib >=2.84.0,<3.0a0
  - libzlib >=1.3.1,<2.0a0
  license: MIT
  license_family: MIT
  size: 1447237
  timestamp: 1744033955402
- conda: https://conda.anaconda.org/conda-forge/osx-64/hicolor-icon-theme-0.17-h694c41f_2.tar.bz2
  sha256: a5cb0c03d731bfb09b4262a3afdeae33bef98bc73972f1bd6b7e3fcd240bea41
  md5: f64218f19d9a441e80343cea13be1afb
  license: GPL-2.0-or-later
  license_family: GPL
  size: 13821
  timestamp: 1605162984889
- conda: https://conda.anaconda.org/conda-forge/osx-64/icu-75.1-h120a0e1_0.conda
  sha256: 2e64307532f482a0929412976c8450c719d558ba20c0962832132fd0d07ba7a7
  md5: d68d48a3060eb5abdc1cdc8e2a3a5966
  depends:
  - __osx >=10.13
  license: MIT
  license_family: MIT
  size: 11761697
  timestamp: 1720853679409
- conda: https://conda.anaconda.org/conda-forge/osx-64/imagemagick-7.1.1_47-imagemagick_h08d123f_0.conda
  sha256: 3b16ba471b0c837e1db3b4c95e7df743c2467931f9392bf54c9f30f34da210b3
  md5: 20d4e0f3ebad21ee12379dd5289f88ee
  depends:
  - __osx >=10.13
  - bzip2 >=1.0.8,<2.0a0
  - fftw >=3.3.10,<4.0a0
  - fontconfig >=2.15.0,<3.0a0
  - fonts-conda-ecosystem
  - fonts-conda-forge
  - freetype >=2.13.3,<3.0a0
  - ghostscript
  - giflib >=5.2.2,<5.3.0a0
  - graphviz >=12.2.1,<13.0a0
  - jbig
  - libcxx >=18
  - libglib >=2.84.0,<3.0a0
  - libheif >=1.19.7,<1.20.0a0
  - libjpeg-turbo >=3.0.0,<4.0a0
  - liblzma >=5.6.4,<6.0a0
  - liblzma-devel
  - libpng >=1.6.47,<1.7.0a0
  - librsvg >=2.58.4,<3.0a0
  - libtiff >=4.7.0,<4.8.0a0
  - libwebp
  - libwebp-base >=1.5.0,<2.0a0
  - libxml2 >=2.13.7,<2.14.0a0
  - libzlib >=1.3.1,<2.0a0
  - openjpeg >=2.5.3,<3.0a0
  - pango >=1.56.3,<2.0a0
  - pkg-config
  - xorg-libx11 >=1.8.12,<2.0a0
  - xorg-libxext >=1.3.6,<2.0a0
  - xorg-libxrender >=0.9.12,<0.10.0a0
  - xorg-libxt >=1.3.1,<2.0a0
  - zlib
  license: ImageMagick
  license_family: Apache
  size: 2054673
  timestamp: 1743332721300
- conda: https://conda.anaconda.org/conda-forge/osx-64/jbig-2.1-h0d85af4_2003.tar.bz2
  sha256: bb83ee723fe994795609bd6d1682d4182a01799e61fc793cba4310b6446e27f1
  md5: 4d76d11d3a256931926099498aa3565b
  license: GPL-2.0-or-later
  license_family: GPL
  size: 43203
  timestamp: 1621515162252
- conda: https://conda.anaconda.org/conda-forge/osx-64/lerc-4.0.0-hb486fe8_0.tar.bz2
  sha256: e41790fc0f4089726369b3c7f813117bbc14b533e0ed8b94cf75aba252e82497
  md5: f9d6a4c82889d5ecedec1d90eb673c55
  depends:
  - libcxx >=13.0.1
  license: Apache-2.0
  license_family: Apache
  size: 290319
  timestamp: 1657977526749
- conda: https://conda.anaconda.org/conda-forge/osx-64/libavif16-1.2.1-hd3ef11f_2.conda
  sha256: 513c3471fe1e6e28c277632eae6110e1dc87b3820f4494cefe86f951cbdb792f
  md5: 5536492c7e368552729eae8832c7cfde
  depends:
  - __osx >=10.13
  - aom >=3.9.1,<3.10.0a0
  - dav1d >=1.2.1,<1.2.2.0a0
  - rav1e >=0.6.6,<1.0a0
  - svt-av1 >=3.0.2,<3.0.3.0a0
  license: BSD-2-Clause
  license_family: BSD
  size: 122958
  timestamp: 1743344686683
- conda: https://conda.anaconda.org/conda-forge/osx-64/libcxx-20.1.2-hf95d169_0.conda
  sha256: 44a62b1fdc70ba07a9375eaca433bdac50518ffee6e0c6977eb65069fb70977e
  md5: 25cc3210a5a8a1b332e12d20db11c6dd
  depends:
  - __osx >=10.13
  license: Apache-2.0 WITH LLVM-exception
  license_family: Apache
  size: 563556
  timestamp: 1743573278971
- conda: https://conda.anaconda.org/conda-forge/osx-64/libde265-1.0.15-h7728843_0.conda
  sha256: a67544ca45a082da0c868fbcd1a0f49fc6f92281aa9aedd20bdce9e7c7e45817
  md5: a270b0e1a2a3326cc21eee82c42efffc
  depends:
  - libcxx >=15
  license: LGPL-3.0-or-later
  license_family: LGPL
  size: 331376
  timestamp: 1703088831061
- conda: https://conda.anaconda.org/conda-forge/osx-64/libdeflate-1.23-he65b83e_0.conda
  sha256: 20c1e685e7409bb82c819ba55b9f7d9a654e8e6d597081581493badb7464520e
  md5: 120f8f7ba6a8defb59f4253447db4bb4
  depends:
  - __osx >=10.13
  license: MIT
  license_family: MIT
  size: 69309
  timestamp: 1734374105905
- conda: https://conda.anaconda.org/conda-forge/osx-64/libexpat-2.7.0-h240833e_0.conda
  sha256: 976f2e23ad2bb2b8e92c99bfa2ead3ad557b17a129b170f7e2dfcf233193dd7e
  md5: 026d0a1056ba2a3dbbea6d4b08188676
  depends:
  - __osx >=10.13
  constrains:
  - expat 2.7.0.*
  license: MIT
  license_family: MIT
  size: 71894
  timestamp: 1743431912423
- conda: https://conda.anaconda.org/conda-forge/osx-64/libffi-3.4.6-h281671d_1.conda
  sha256: 6394b1bc67c64a21a5cc73d1736d1d4193a64515152e861785c44d2cfc49edf3
  md5: 4ca9ea59839a9ca8df84170fab4ceb41
  depends:
  - __osx >=10.13
  license: MIT
  license_family: MIT
  size: 51216
  timestamp: 1743434595269
- conda: https://conda.anaconda.org/conda-forge/osx-64/libgd-2.3.3-h8555400_11.conda
  sha256: af8ca696b229236e4a692220a26421a4f3d28a6ceff16723cd1fe12bc7e6517c
  md5: 0eea404372aa41cf95e71c604534b2a2
  depends:
  - __osx >=10.13
  - fontconfig >=2.15.0,<3.0a0
  - fonts-conda-ecosystem
  - freetype >=2.12.1,<3.0a0
  - icu >=75.1,<76.0a0
  - libexpat >=2.6.4,<3.0a0
  - libiconv >=1.17,<2.0a0
  - libjpeg-turbo >=3.0.0,<4.0a0
  - libpng >=1.6.45,<1.7.0a0
  - libtiff >=4.7.0,<4.8.0a0
  - libwebp-base >=1.5.0,<2.0a0
  - libzlib >=1.3.1,<2.0a0
  license: GD
  license_family: BSD
  size: 162601
  timestamp: 1737548422107
- conda: https://conda.anaconda.org/conda-forge/osx-64/libgfortran-5.0.0-14_2_0_h51e75f0_103.conda
  sha256: 124dcd89508bd16f562d9d3ce6a906336a7f18e963cd14f2877431adee14028e
  md5: 090b3c9ae1282c8f9b394ac9e4773b10
  depends:
  - libgfortran5 14.2.0 h51e75f0_103
  license: GPL-3.0-only WITH GCC-exception-3.1
  license_family: GPL
  size: 156202
  timestamp: 1743862427451
- conda: https://conda.anaconda.org/conda-forge/osx-64/libgfortran5-14.2.0-h51e75f0_103.conda
  sha256: d2ac5e09587e5b21b7bb5795d24f33257e44320749c125448611211088ef8795
  md5: 6183f7e9cd1e7ba20118ff0ca20a05e5
  depends:
  - llvm-openmp >=8.0.0
  constrains:
  - libgfortran 5.0.0 14_2_0_*_103
  license: GPL-3.0-only WITH GCC-exception-3.1
  license_family: GPL
  size: 1225013
  timestamp: 1743862382377
- conda: https://conda.anaconda.org/conda-forge/osx-64/libglib-2.84.0-h5c976ab_0.conda
  sha256: 6345cb63429ca1d216e47502a04dcce8b9f8a4fe08547cef42bbc040dc453b9e
  md5: 9d9e772b8e01ce350ddff9b277503514
  depends:
  - __osx >=10.13
  - libffi >=3.4,<4.0a0
  - libiconv >=1.18,<2.0a0
  - libintl >=0.23.1,<1.0a0
  - libzlib >=1.3.1,<2.0a0
  - pcre2 >=10.44,<10.45.0a0
  constrains:
  - glib 2.84.0 *_0
  license: LGPL-2.1-or-later
  size: 3729801
  timestamp: 1743038946054
- conda: https://conda.anaconda.org/conda-forge/osx-64/libheif-1.19.7-gpl_h95ec88c_100.conda
  sha256: 0fc7a7c78c24a1dcc49c1b54d090fd1fad0fc45eab0227f7a78e61f157992ca6
  md5: ef792f6776afc553fb383e00c5046760
  depends:
  - __osx >=10.13
  - aom >=3.9.1,<3.10.0a0
  - dav1d >=1.2.1,<1.2.2.0a0
  - libavif16 >=1.2.0,<2.0a0
  - libcxx >=18
  - libde265 >=1.0.15,<1.0.16.0a0
  - x265 >=3.5,<3.6.0a0
  license: LGPL-3.0-or-later
  license_family: LGPL
  size: 486300
  timestamp: 1741307027215
- conda: https://conda.anaconda.org/conda-forge/osx-64/libiconv-1.18-h4b5e92a_1.conda
  sha256: c2a9c65a245c7bcb8c17c94dd716dad2d42b7c98e0c17cc5553a5c60242c4dda
  md5: 6283140d7b2b55b6b095af939b71b13f
  depends:
  - __osx >=10.13
  license: LGPL-2.1-only
  size: 669052
  timestamp: 1740128415026
- conda: https://conda.anaconda.org/conda-forge/osx-64/libintl-0.23.1-h27064b9_0.conda
  sha256: 1bce54e6c76064032129ba138898a5b188d9415c533eb585f89d48b04e00e576
  md5: 4182fe11073548596723d9cd2c23b1ac
  depends:
  - __osx >=10.13
  - libiconv >=1.17,<2.0a0
  license: LGPL-2.1-or-later
  size: 87157
  timestamp: 1739039171974
- conda: https://conda.anaconda.org/conda-forge/osx-64/libjpeg-turbo-3.0.0-h0dc2134_1.conda
  sha256: d9572fd1024adc374aae7c247d0f29fdf4b122f1e3586fe62acc18067f40d02f
  md5: 72507f8e3961bc968af17435060b6dd6
  constrains:
  - jpeg <0.0.0a
  license: IJG AND BSD-3-Clause AND Zlib
  size: 579748
  timestamp: 1694475265912
- conda: https://conda.anaconda.org/conda-forge/osx-64/liblzma-5.8.1-hd471939_0.conda
  sha256: 3369b8ef0b544d17aebc530a687c0480051e825e8ffcd001b1a5f594fe276159
  md5: 8e1197f652c67e87a9ece738d82cef4f
  depends:
  - __osx >=10.13
  license: 0BSD
  size: 104689
  timestamp: 1743771137842
- conda: https://conda.anaconda.org/conda-forge/osx-64/liblzma-devel-5.8.1-hd471939_0.conda
  sha256: a1aa6d12c408fe99dab45dfe99627cdb7b0d08efd2c5e92dd879967a4298dbf2
  md5: 0ebd6c7640cc60f9e2939f1472704aa7
  depends:
  - __osx >=10.13
  - liblzma 5.8.1 hd471939_0
  license: 0BSD
  size: 116376
  timestamp: 1743771154225
- conda: https://conda.anaconda.org/conda-forge/osx-64/libmpdec-4.0.0-hfdf4475_0.conda
  sha256: 791be3d30d8e37ec49bcc23eb8f1e1415d911a7c023fa93685f2ea485179e258
  md5: ed625b2e59dff82859c23dd24774156b
  depends:
  - __osx >=10.13
  license: BSD-2-Clause
  license_family: BSD
  size: 76561
  timestamp: 1723817691512
- conda: https://conda.anaconda.org/conda-forge/osx-64/libpng-1.6.47-h3c4a55f_0.conda
  sha256: d00a144698debb226a01646c72eff15917eb0143f92c92e1b61ce457d9367b89
  md5: 8461ab86d2cdb76d6e971aab225be73f
  depends:
  - __osx >=10.13
  - libzlib >=1.3.1,<2.0a0
  license: zlib-acknowledgement
  size: 266874
  timestamp: 1739953034029
- conda: https://conda.anaconda.org/conda-forge/osx-64/librsvg-2.58.4-h21a6cfa_3.conda
  sha256: 87432fca28ddfaaf82b3cd12ce4e31fcd963428d1f2c5e2a3aef35dd30e56b71
  md5: 213dcdb373bf108d1beb18d33075f51d
  depends:
  - __osx >=10.13
  - cairo >=1.18.4,<2.0a0
  - gdk-pixbuf >=2.42.12,<3.0a0
  - libglib >=2.84.0,<3.0a0
  - libxml2 >=2.13.7,<2.14.0a0
  - pango >=1.56.3,<2.0a0
  constrains:
  - __osx >=10.13
  license: LGPL-2.1-or-later
  size: 4946543
  timestamp: 1743368938616
- conda: https://conda.anaconda.org/conda-forge/osx-64/libsqlite-3.49.1-hdb6dae5_2.conda
  sha256: 82695c9b16a702de615c8303387384c6ec5cf8b98e16458e5b1935b950e4ec38
  md5: 1819e770584a7e83a81541d8253cbabe
  depends:
  - __osx >=10.13
  - libzlib >=1.3.1,<2.0a0
  license: Unlicense
  size: 977701
  timestamp: 1742083869897
- conda: https://conda.anaconda.org/conda-forge/osx-64/libtiff-4.7.0-hb77a491_3.conda
  sha256: bb50df7cfc1acb11eae63c5f4fdc251d381cda96bf02c086c3202c83a5200032
  md5: 6f2f9df7b093d6b33bc0c334acc7d2d9
  depends:
  - __osx >=10.13
  - lerc >=4.0.0,<5.0a0
  - libcxx >=18
  - libdeflate >=1.23,<1.24.0a0
  - libjpeg-turbo >=3.0.0,<4.0a0
  - liblzma >=5.6.3,<6.0a0
  - libwebp-base >=1.4.0,<2.0a0
  - libzlib >=1.3.1,<2.0a0
  - zstd >=1.5.6,<1.6.0a0
  license: HPND
  size: 400099
  timestamp: 1734398943635
- conda: https://conda.anaconda.org/conda-forge/osx-64/libuv-1.50.0-h4cb831e_0.conda
  sha256: ec9da0a005c668c0964e0a6546c21416bab608569b5863edbdf135cee26e67d8
  md5: c86c7473f79a3c06de468b923416aa23
  depends:
  - __osx >=11.0
  license: MIT
  license_family: MIT
  size: 420128
  timestamp: 1737016791074
- conda: https://conda.anaconda.org/conda-forge/osx-64/libwebp-1.5.0-h2bf92d2_0.conda
  sha256: 8594ceb5295eae7549651136dbba48a5cd6259469230c71be89c08c09641b378
  md5: 31aade65d8e1bc6c06b927c694125e78
  depends:
  - __osx >=10.13
  - giflib >=5.2.2,<5.3.0a0
  - libjpeg-turbo >=3.0.0,<4.0a0
  - libpng >=1.6.44,<1.7.0a0
  - libtiff >=4.7.0,<4.8.0a0
  - libwebp-base 1.5.0.*
  - libwebp-base >=1.5.0,<2.0a0
  license: BSD-3-Clause
  license_family: BSD
  size: 87222
  timestamp: 1734956144745
- conda: https://conda.anaconda.org/conda-forge/osx-64/libwebp-base-1.5.0-h6cf52b4_0.conda
  sha256: 7f110eba04150f1fe5fe297f08fb5b82463eed74d1f068bc67c96637f9c63569
  md5: 5e0cefc99a231ac46ba21e27ae44689f
  depends:
  - __osx >=10.13
  constrains:
  - libwebp 1.5.0
  license: BSD-3-Clause
  license_family: BSD
  size: 357662
  timestamp: 1734777539822
- conda: https://conda.anaconda.org/conda-forge/osx-64/libxcb-1.17.0-hf1f96e2_0.conda
  sha256: 8896cd5deff6f57d102734f3e672bc17120613647288f9122bec69098e839af7
  md5: bbeca862892e2898bdb45792a61c4afc
  depends:
  - __osx >=10.13
  - pthread-stubs
  - xorg-libxau >=1.0.11,<2.0a0
  - xorg-libxdmcp
  license: MIT
  license_family: MIT
  size: 323770
  timestamp: 1727278927545
- conda: https://conda.anaconda.org/conda-forge/osx-64/libxml2-2.13.7-h93c44a6_1.conda
  sha256: f65c22d825ae7674dd5d1906052a6046cf50eebd1d5f03d6145a6b41c0d305b5
  md5: ac5c809731d4412fd1ccff49fae27c72
  depends:
  - __osx >=10.13
  - icu >=75.1,<76.0a0
  - libiconv >=1.18,<2.0a0
  - liblzma >=5.8.1,<6.0a0
  - libzlib >=1.3.1,<2.0a0
  license: MIT
  license_family: MIT
  size: 609618
  timestamp: 1743794752414
- conda: https://conda.anaconda.org/conda-forge/osx-64/libzlib-1.3.1-hd23fc13_2.conda
  sha256: 8412f96504fc5993a63edf1e211d042a1fd5b1d51dedec755d2058948fcced09
  md5: 003a54a4e32b02f7355b50a837e699da
  depends:
  - __osx >=10.13
  constrains:
  - zlib 1.3.1 *_2
  license: Zlib
  license_family: Other
  size: 57133
  timestamp: 1727963183990
- conda: https://conda.anaconda.org/conda-forge/osx-64/llvm-openmp-20.1.2-ha54dae1_1.conda
  sha256: 01dfbc83bfba8d674f574908d86bc3ffad12e42fa4f16bd71579c6bc2b7f6153
  md5: 0919db81cb42375dd9f2ab1ec032af94
  depends:
  - __osx >=10.13
  constrains:
  - openmp 20.1.2|20.1.2.*
  license: Apache-2.0 WITH LLVM-exception
  license_family: APACHE
  size: 306742
  timestamp: 1744575941356
- conda: https://conda.anaconda.org/conda-forge/noarch/mystmd-1.3.25-pyhd8ed1ab_0.conda
  sha256: 262f1207cb0ddf4b38ebae3a63e56cbd43aa1a7387bad2e1121e402ecb195063
  md5: d5494f344837a6c0e5159660a4d2f11b
  depends:
  - nodejs >=18
  - python >=3.8
  license: MIT
  license_family: MIT
  size: 1918664
  timestamp: 1741208748211
- conda: https://conda.anaconda.org/conda-forge/osx-64/ncurses-6.5-h0622a9a_3.conda
  sha256: ea4a5d27ded18443749aefa49dc79f6356da8506d508b5296f60b8d51e0c4bd9
  md5: ced34dd9929f491ca6dab6a2927aff25
  depends:
  - __osx >=10.13
  license: X11 AND BSD-3-Clause
  size: 822259
  timestamp: 1738196181298
- conda: https://conda.anaconda.org/conda-forge/osx-64/nodejs-22.13.0-hffbc63d_0.conda
  sha256: 24afdefa36b68ec1a8159891ed458a7c79b81b35953b9028de142ce640b578b0
  md5: 74b4d1661ede30e27fdafb0ddb49e13d
  depends:
  - __osx >=10.15
  - icu >=75.1,<76.0a0
  - libcxx >=18
  - libuv >=1.50.0,<2.0a0
  - libzlib >=1.3.1,<2.0a0
  - openssl >=3.4.0,<4.0a0
  - zlib
  license: MIT
  license_family: MIT
  size: 15878764
  timestamp: 1737395834264
- conda: https://conda.anaconda.org/conda-forge/osx-64/openjpeg-2.5.3-h7fd6d84_0.conda
  sha256: faea03f36c9aa3524c911213b116da41695ff64b952d880551edee2843fe115b
  md5: 025c711177fc3309228ca1a32374458d
  depends:
  - __osx >=10.13
  - libcxx >=18
  - libpng >=1.6.44,<1.7.0a0
  - libtiff >=4.7.0,<4.8.0a0
  - libzlib >=1.3.1,<2.0a0
  license: BSD-2-Clause
  license_family: BSD
  size: 332320
  timestamp: 1733816828284
- conda: https://conda.anaconda.org/conda-forge/osx-64/openssl-3.5.0-hc426f3f_0.conda
  sha256: 7ee137b67f2de89d203e5ac2ebffd6d42252700005bf6af2bbf3dc11a9dfedbd
  md5: e06e13c34056b6334a7a1188b0f4c83c
  depends:
  - __osx >=10.13
  - ca-certificates
  license: Apache-2.0
  license_family: Apache
  size: 2737547
  timestamp: 1744140967264
- conda: https://conda.anaconda.org/conda-forge/osx-64/pango-1.56.3-hae8941d_1.conda
  sha256: ff2cc0b201ce1b68a9f38c1dc71dbd26f70eef103089ae4ee26b7e80d336f0ab
  md5: 17bcc6d5206e8a1a13cc478a777d79e5
  depends:
  - __osx >=10.13
  - cairo >=1.18.4,<2.0a0
  - fontconfig >=2.15.0,<3.0a0
  - fonts-conda-ecosystem
  - freetype >=2.13.3,<3.0a0
  - fribidi >=1.0.10,<2.0a0
  - harfbuzz >=11.0.0,<12.0a0
  - libexpat >=2.6.4,<3.0a0
  - libglib >=2.84.0,<3.0a0
  - libpng >=1.6.47,<1.7.0a0
  - libzlib >=1.3.1,<2.0a0
  license: LGPL-2.1-or-later
  size: 432439
  timestamp: 1743352942656
- conda: https://conda.anaconda.org/conda-forge/osx-64/pcre2-10.44-h7634a1b_2.conda
  sha256: 336057fce69d45e1059f138beb38d60eb87ba858c3ad729ed49d9ecafd23669f
  md5: 58cde0663f487778bcd7a0c8daf50293
  depends:
  - __osx >=10.13
  - bzip2 >=1.0.8,<2.0a0
  - libzlib >=1.3.1,<2.0a0
  license: BSD-3-Clause
  license_family: BSD
  size: 854306
  timestamp: 1723488807216
- conda: https://conda.anaconda.org/conda-forge/osx-64/pixman-0.44.2-h1fd1274_0.conda
  sha256: 7e5a9823e7e759355b954037f97d4aa53c26db1d73408571e749f8375b363743
  md5: 9d3ed4c1a6e21051bf4ce53851acdc96
  depends:
  - __osx >=10.13
  - libcxx >=18
  license: MIT
  license_family: MIT
  size: 328548
  timestamp: 1733699069146
- conda: https://conda.anaconda.org/conda-forge/osx-64/pkg-config-0.29.2-hf7e621a_1009.conda
  sha256: 636122606556b651ad4d0ac60c7ab6b379e98f390359a1f0c05ad6ba6fb3837f
  md5: 0b1b9f9e420e4a0e40879b61f94ae646
  depends:
  - __osx >=10.13
  - libiconv >=1.17,<2.0a0
  license: GPL-2.0-or-later
  license_family: GPL
  size: 239818
  timestamp: 1720806136579
- conda: https://conda.anaconda.org/conda-forge/osx-64/pthread-stubs-0.4-h00291cd_1002.conda
  sha256: 05944ca3445f31614f8c674c560bca02ff05cb51637a96f665cb2bbe496099e5
  md5: 8bcf980d2c6b17094961198284b8e862
  depends:
  - __osx >=10.13
  license: MIT
  license_family: MIT
  size: 8364
  timestamp: 1726802331537
- conda: https://conda.anaconda.org/conda-forge/osx-64/python-3.13.3-h534c281_101_cp313.conda
  build_number: 101
  sha256: fe70f145472820922a01279165b96717815dcd4f346ad9a2f2338045d8818930
  md5: ebcc7c42561d8d8b01477020b63218c0
  depends:
  - __osx >=10.13
  - bzip2 >=1.0.8,<2.0a0
  - libexpat >=2.7.0,<3.0a0
  - libffi >=3.4.6,<3.5.0a0
  - liblzma >=5.8.1,<6.0a0
  - libmpdec >=4.0.0,<5.0a0
  - libsqlite >=3.49.1,<4.0a0
  - libzlib >=1.3.1,<2.0a0
  - ncurses >=6.5,<7.0a0
  - openssl >=3.5.0,<4.0a0
  - python_abi 3.13.* *_cp313
  - readline >=8.2,<9.0a0
  - tk >=8.6.13,<8.7.0a0
  - tzdata
  license: Python-2.0
  size: 13875464
  timestamp: 1744664784298
  python_site_packages_path: lib/python3.13/site-packages
- conda: https://conda.anaconda.org/conda-forge/osx-64/python_abi-3.13-6_cp313.conda
  build_number: 6
  sha256: ef527337ae8fd3e7cef49bb1ebedb2ad34915f3a19ceb1e452d7691149f1b2e7
  md5: 1867172dd3044e5c3db5772b81d67796
  constrains:
  - python 3.13.* *_cp313
  license: BSD-3-Clause
  license_family: BSD
  size: 6952
  timestamp: 1743483227308
- conda: https://conda.anaconda.org/conda-forge/osx-64/rav1e-0.6.6-h7205ca4_2.conda
  sha256: 046ac50530590cd2a5d9bcb1e581bdd168e06049230ad3afd8cce2fa71b429d9
  md5: ab03527926f8ce85f84a91fd35520ef2
  license: BSD-2-Clause
  license_family: BSD
  size: 1767853
  timestamp: 1694329738983
- conda: https://conda.anaconda.org/conda-forge/osx-64/readline-8.2-h7cca4af_2.conda
  sha256: 53017e80453c4c1d97aaf78369040418dea14cf8f46a2fa999f31bd70b36c877
  md5: 342570f8e02f2f022147a7f841475784
  depends:
  - ncurses >=6.5,<7.0a0
  license: GPL-3.0-only
  license_family: GPL
  size: 256712
  timestamp: 1740379577668
- conda: https://conda.anaconda.org/conda-forge/osx-64/svt-av1-3.0.2-h240833e_0.conda
  sha256: 2093e44ad4a8ea8e4cfeb05815d593ce8e1b27a6d07726075676bd02ba2e6a00
  md5: 36d6e9324bf2061fe0d7be431a76e25a
  depends:
  - __osx >=10.13
  - libcxx >=18
  license: BSD-2-Clause
  license_family: BSD
  size: 2408109
  timestamp: 1742907925748
- conda: https://conda.anaconda.org/conda-forge/osx-64/tk-8.6.13-h1abcd95_1.conda
  sha256: 30412b2e9de4ff82d8c2a7e5d06a15f4f4fef1809a72138b6ccb53a33b26faf5
  md5: bf830ba5afc507c6232d4ef0fb1a882d
  depends:
  - libzlib >=1.2.13,<2.0.0a0
  license: TCL
  license_family: BSD
  size: 3270220
  timestamp: 1699202389792
- conda: https://conda.anaconda.org/conda-forge/osx-64/typst-0.13.1-h371c88c_0.conda
  sha256: 7c320df991c56ade073c10aa355c3a7e8ac703f86451a75e1ddd767319570ca3
  md5: 862e2fc72a26889f37f8df9fbb2ba08e
  depends:
  - __osx >=10.13
  constrains:
  - __osx >=10.13
  license: Apache-2.0
  license_family: Apache
  size: 12968167
  timestamp: 1741356652899
- conda: https://conda.anaconda.org/conda-forge/noarch/tzdata-2025b-h78e105d_0.conda
  sha256: 5aaa366385d716557e365f0a4e9c3fca43ba196872abbbe3d56bb610d131e192
  md5: 4222072737ccff51314b5ece9c7d6f5a
  license: LicenseRef-Public-Domain
  size: 122968
  timestamp: 1742727099393
- conda: https://conda.anaconda.org/conda-forge/osx-64/x265-3.5-hbb4e6a2_3.tar.bz2
  sha256: 6b6a57710192764d0538f72ea1ccecf2c6174a092e0bc76d790f8ca36bbe90e4
  md5: a3bf3e95b7795871a6734a784400fcea
  depends:
  - libcxx >=12.0.1
  license: GPL-2.0-or-later
  license_family: GPL
  size: 3433205
  timestamp: 1646610148268
- conda: https://conda.anaconda.org/conda-forge/osx-64/xorg-libice-1.1.2-h6e16a3a_0.conda
  sha256: ab190f758a1d7cf2bdd3656e6eb90b7316cdd03a32214638f691e02ad798aaed
  md5: d894608e2c18127545d67a096f1b4bab
  depends:
  - __osx >=10.13
  license: MIT
  license_family: MIT
  size: 50154
  timestamp: 1734227708757
- conda: https://conda.anaconda.org/conda-forge/osx-64/xorg-libsm-1.2.6-h6e16a3a_0.conda
  sha256: 9f0cb0a0a94a76f07ed449ee404c83fb91e77cd732cd0dcff395e90cc02338ef
  md5: 267dc632a1c41345622c935bb6026dc4
  depends:
  - __osx >=10.13
  - xorg-libice >=1.1.2,<2.0a0
  license: MIT
  license_family: MIT
  size: 24556
  timestamp: 1741896589948
- conda: https://conda.anaconda.org/conda-forge/osx-64/xorg-libx11-1.8.12-h217831a_0.conda
  sha256: 3a40a2cf7d50546342aa1159a5e3116d580062cb2d6aef1d3458b4f75e0f271c
  md5: 4b83c16519d328361b001ae732955fc9
  depends:
  - __osx >=10.13
  - libxcb >=1.17.0,<2.0a0
  license: MIT
  license_family: MIT
  size: 784591
  timestamp: 1741901259949
- conda: https://conda.anaconda.org/conda-forge/osx-64/xorg-libxau-1.0.12-h6e16a3a_0.conda
  sha256: b4d2225135aa44e551576c4f3cf999b3252da6ffe7b92f0ad45bb44b887976fc
  md5: 4cf40e60b444d56512a64f39d12c20bd
  depends:
  - __osx >=10.13
  license: MIT
  license_family: MIT
  size: 13290
  timestamp: 1734229077182
- conda: https://conda.anaconda.org/conda-forge/osx-64/xorg-libxdmcp-1.1.5-h00291cd_0.conda
  sha256: bb4d1ef9cafef535494adf9296130b6193b3a44375883185b5167de03eb1ac7f
  md5: 9f438e1b6f4e73fd9e6d78bfe7c36743
  depends:
  - __osx >=10.13
  license: MIT
  license_family: MIT
  size: 18465
  timestamp: 1727794980957
- conda: https://conda.anaconda.org/conda-forge/osx-64/xorg-libxext-1.3.6-h00291cd_0.conda
  sha256: 26c88c5629895d7df5722320931377aa1ba3dea3950faa77e0c9fe5af29f78e5
  md5: 62f4f9d7a6c176be164329b4a1fc2616
  depends:
  - __osx >=10.13
  - xorg-libx11 >=1.8.10,<2.0a0
  license: MIT
  license_family: MIT
  size: 42572
  timestamp: 1727752240262
- conda: https://conda.anaconda.org/conda-forge/osx-64/xorg-libxrender-0.9.12-h6e16a3a_0.conda
  sha256: c027136ce87496fd517ce7c07cda2236d8aef00d292cdf42bff8f5a1ad03192c
  md5: 15949671046839008f5e782dfbf63e65
  depends:
  - __osx >=10.13
  - xorg-libx11 >=1.8.10,<2.0a0
  license: MIT
  license_family: MIT
  size: 28831
  timestamp: 1734229108708
- conda: https://conda.anaconda.org/conda-forge/osx-64/xorg-libxt-1.3.1-h6e16a3a_0.conda
  sha256: c1bfd12f50739d4fbf3dc47bd8f0e584e2797a6214bf2c0a2eef0cc6eaed5c65
  md5: 31f0e8aa8a497df5461768a15898dbad
  depends:
  - __osx >=10.13
  - xorg-libice >=1.1.1,<2.0a0
  - xorg-libsm >=1.2.4,<2.0a0
  - xorg-libx11 >=1.8.10,<2.0a0
  license: MIT
  license_family: MIT
  size: 199297
  timestamp: 1731860558365
- conda: https://conda.anaconda.org/conda-forge/osx-64/zlib-1.3.1-hd23fc13_2.conda
  sha256: 219edbdfe7f073564375819732cbf7cc0d7c7c18d3f546a09c2dfaf26e4d69f3
  md5: c989e0295dcbdc08106fe5d9e935f0b9
  depends:
  - __osx >=10.13
  - libzlib 1.3.1 hd23fc13_2
  license: Zlib
  license_family: Other
  size: 88544
  timestamp: 1727963189976
- conda: https://conda.anaconda.org/conda-forge/osx-64/zstd-1.5.7-h8210216_2.conda
  sha256: c171c43d0c47eed45085112cb00c8c7d4f0caa5a32d47f2daca727e45fb98dca
  md5: cd60a4a5a8d6a476b30d8aa4bb49251a
  depends:
  - __osx >=10.13
  - libzlib >=1.3.1,<2.0a0
  license: BSD-3-Clause
  license_family: BSD
  size: 485754
  timestamp: 1742433356230
